// !$*UTF8*$!
{
	archiveVersion = 1;
	classes = {
	};
	objectVersion = 46;
	objects = {

/* Begin PBXBuildFile section */
		345741AE1BE7EFD600EC9BA5 /* GVHelper.m in Sources */ = {isa = PBXBuildFile; fileRef = 345741AD1BE7EFD600EC9BA5 /* GVHelper.m */; settings = {ASSET_TAGS = (); }; };
		345741B21BE7F48300EC9BA5 /* UserRepositoriesVC.m in Sources */ = {isa = PBXBuildFile; fileRef = 345741B11BE7F48300EC9BA5 /* UserRepositoriesVC.m */; settings = {ASSET_TAGS = (); }; };
		345741B51BE7F98D00EC9BA5 /* GVNetworkHelper.m in Sources */ = {isa = PBXBuildFile; fileRef = 345741B41BE7F98D00EC9BA5 /* GVNetworkHelper.m */; settings = {ASSET_TAGS = (); }; };
		345741BA1BE8024D00EC9BA5 /* NSURL+CodeFetch.m in Sources */ = {isa = PBXBuildFile; fileRef = 345741B91BE8024D00EC9BA5 /* NSURL+CodeFetch.m */; settings = {ASSET_TAGS = (); }; };
		345741BD1BE802AA00EC9BA5 /* NSObject+AccessToken.m in Sources */ = {isa = PBXBuildFile; fileRef = 345741BC1BE802AA00EC9BA5 /* NSObject+AccessToken.m */; settings = {ASSET_TAGS = (); }; };
		345741C01BE8C7A000EC9BA5 /* Repository.m in Sources */ = {isa = PBXBuildFile; fileRef = 345741BF1BE8C7A000EC9BA5 /* Repository.m */; settings = {ASSET_TAGS = (); }; };
		345741C41BE8DD5F00EC9BA5 /* Subscriber.m in Sources */ = {isa = PBXBuildFile; fileRef = 345741C31BE8DD5F00EC9BA5 /* Subscriber.m */; settings = {ASSET_TAGS = (); }; };
		345741C81BE8EA2B00EC9BA5 /* RepositoryCell.m in Sources */ = {isa = PBXBuildFile; fileRef = 345741C71BE8EA2B00EC9BA5 /* RepositoryCell.m */; settings = {ASSET_TAGS = (); }; };
		34BAED541BE78E7000E47894 /* main.m in Sources */ = {isa = PBXBuildFile; fileRef = 34BAED531BE78E7000E47894 /* main.m */; };
		34BAED571BE78E7000E47894 /* AppDelegate.m in Sources */ = {isa = PBXBuildFile; fileRef = 34BAED561BE78E7000E47894 /* AppDelegate.m */; };
		34BAED5D1BE78E7000E47894 /* Main.storyboard in Resources */ = {isa = PBXBuildFile; fileRef = 34BAED5B1BE78E7000E47894 /* Main.storyboard */; };
		34BAED5F1BE78E7000E47894 /* Assets.xcassets in Resources */ = {isa = PBXBuildFile; fileRef = 34BAED5E1BE78E7000E47894 /* Assets.xcassets */; };
		34BAED621BE78E7000E47894 /* LaunchScreen.storyboard in Resources */ = {isa = PBXBuildFile; fileRef = 34BAED601BE78E7000E47894 /* LaunchScreen.storyboard */; };
		34BAED6D1BE78E7000E47894 /* GitViewerTests.m in Sources */ = {isa = PBXBuildFile; fileRef = 34BAED6C1BE78E7000E47894 /* GitViewerTests.m */; };
		B7987A51D91B8D8170E7A320 /* libPods.a in Frameworks */ = {isa = PBXBuildFile; fileRef = BFBB6B01578FE1EDEE2842B3 /* libPods.a */; };
/* End PBXBuildFile section */

/* Begin PBXContainerItemProxy section */
		34BAED691BE78E7000E47894 /* PBXContainerItemProxy */ = {
			isa = PBXContainerItemProxy;
			containerPortal = 34BAED471BE78E7000E47894 /* Project object */;
			proxyType = 1;
			remoteGlobalIDString = 34BAED4E1BE78E7000E47894;
			remoteInfo = GitViewer;
		};
/* End PBXContainerItemProxy section */

/* Begin PBXFileReference section */
		289301C9793B4C2669754D70 /* Pods.release.xcconfig */ = {isa = PBXFileReference; includeInIndex = 1; lastKnownFileType = text.xcconfig; name = Pods.release.xcconfig; path = "Pods/Target Support Files/Pods/Pods.release.xcconfig"; sourceTree = "<group>"; };
		2DD4BE7DC85EA4C4B2B09DAC /* Pods.debug.xcconfig */ = {isa = PBXFileReference; includeInIndex = 1; lastKnownFileType = text.xcconfig; name = Pods.debug.xcconfig; path = "Pods/Target Support Files/Pods/Pods.debug.xcconfig"; sourceTree = "<group>"; };
		345741AC1BE7EFD600EC9BA5 /* GVHelper.h */ = {isa = PBXFileReference; fileEncoding = 4; lastKnownFileType = sourcecode.c.h; name = GVHelper.h; path = Helpers/GVHelper.h; sourceTree = "<group>"; };
		345741AD1BE7EFD600EC9BA5 /* GVHelper.m */ = {isa = PBXFileReference; fileEncoding = 4; lastKnownFileType = sourcecode.c.objc; name = GVHelper.m; path = Helpers/GVHelper.m; sourceTree = "<group>"; };
		345741B01BE7F48300EC9BA5 /* UserRepositoriesVC.h */ = {isa = PBXFileReference; fileEncoding = 4; lastKnownFileType = sourcecode.c.h; name = UserRepositoriesVC.h; path = Repositories/UserRepositoriesVC.h; sourceTree = "<group>"; };
		345741B11BE7F48300EC9BA5 /* UserRepositoriesVC.m */ = {isa = PBXFileReference; fileEncoding = 4; lastKnownFileType = sourcecode.c.objc; name = UserRepositoriesVC.m; path = Repositories/UserRepositoriesVC.m; sourceTree = "<group>"; };
		345741B31BE7F98D00EC9BA5 /* GVNetworkHelper.h */ = {isa = PBXFileReference; fileEncoding = 4; lastKnownFileType = sourcecode.c.h; name = GVNetworkHelper.h; path = Helpers/GVNetworkHelper.h; sourceTree = "<group>"; };
		345741B41BE7F98D00EC9BA5 /* GVNetworkHelper.m */ = {isa = PBXFileReference; fileEncoding = 4; lastKnownFileType = sourcecode.c.objc; name = GVNetworkHelper.m; path = Helpers/GVNetworkHelper.m; sourceTree = "<group>"; };
		345741B81BE8024D00EC9BA5 /* NSURL+CodeFetch.h */ = {isa = PBXFileReference; fileEncoding = 4; lastKnownFileType = sourcecode.c.h; name = "NSURL+CodeFetch.h"; path = "Categories/NSURL+CodeFetch.h"; sourceTree = "<group>"; };
		345741B91BE8024D00EC9BA5 /* NSURL+CodeFetch.m */ = {isa = PBXFileReference; fileEncoding = 4; lastKnownFileType = sourcecode.c.objc; name = "NSURL+CodeFetch.m"; path = "Categories/NSURL+CodeFetch.m"; sourceTree = "<group>"; };
		345741BB1BE802AA00EC9BA5 /* NSObject+AccessToken.h */ = {isa = PBXFileReference; fileEncoding = 4; lastKnownFileType = sourcecode.c.h; name = "NSObject+AccessToken.h"; path = "Categories/NSObject+AccessToken.h"; sourceTree = "<group>"; };
		345741BC1BE802AA00EC9BA5 /* NSObject+AccessToken.m */ = {isa = PBXFileReference; fileEncoding = 4; lastKnownFileType = sourcecode.c.objc; name = "NSObject+AccessToken.m"; path = "Categories/NSObject+AccessToken.m"; sourceTree = "<group>"; };
		345741BE1BE8C7A000EC9BA5 /* Repository.h */ = {isa = PBXFileReference; fileEncoding = 4; lastKnownFileType = sourcecode.c.h; name = Repository.h; path = Models/Repository.h; sourceTree = "<group>"; };
		345741BF1BE8C7A000EC9BA5 /* Repository.m */ = {isa = PBXFileReference; fileEncoding = 4; lastKnownFileType = sourcecode.c.objc; name = Repository.m; path = Models/Repository.m; sourceTree = "<group>"; };
		345741C21BE8DD5F00EC9BA5 /* Subscriber.h */ = {isa = PBXFileReference; fileEncoding = 4; lastKnownFileType = sourcecode.c.h; name = Subscriber.h; path = Models/Subscriber.h; sourceTree = "<group>"; };
		345741C31BE8DD5F00EC9BA5 /* Subscriber.m */ = {isa = PBXFileReference; fileEncoding = 4; lastKnownFileType = sourcecode.c.objc; name = Subscriber.m; path = Models/Subscriber.m; sourceTree = "<group>"; };
		345741C61BE8EA2B00EC9BA5 /* RepositoryCell.h */ = {isa = PBXFileReference; fileEncoding = 4; lastKnownFileType = sourcecode.c.h; name = RepositoryCell.h; path = Repositories/RepositoryCell.h; sourceTree = "<group>"; };
		345741C71BE8EA2B00EC9BA5 /* RepositoryCell.m */ = {isa = PBXFileReference; fileEncoding = 4; lastKnownFileType = sourcecode.c.objc; name = RepositoryCell.m; path = Repositories/RepositoryCell.m; sourceTree = "<group>"; };
		34BAED4F1BE78E7000E47894 /* GitViewer.app */ = {isa = PBXFileReference; explicitFileType = wrapper.application; includeInIndex = 0; path = GitViewer.app; sourceTree = BUILT_PRODUCTS_DIR; };
		34BAED531BE78E7000E47894 /* main.m */ = {isa = PBXFileReference; lastKnownFileType = sourcecode.c.objc; path = main.m; sourceTree = "<group>"; };
		34BAED551BE78E7000E47894 /* AppDelegate.h */ = {isa = PBXFileReference; lastKnownFileType = sourcecode.c.h; path = AppDelegate.h; sourceTree = "<group>"; };
		34BAED561BE78E7000E47894 /* AppDelegate.m */ = {isa = PBXFileReference; lastKnownFileType = sourcecode.c.objc; path = AppDelegate.m; sourceTree = "<group>"; };
		34BAED5C1BE78E7000E47894 /* Base */ = {isa = PBXFileReference; lastKnownFileType = file.storyboard; name = Base; path = Base.lproj/Main.storyboard; sourceTree = "<group>"; };
		34BAED5E1BE78E7000E47894 /* Assets.xcassets */ = {isa = PBXFileReference; lastKnownFileType = folder.assetcatalog; path = Assets.xcassets; sourceTree = "<group>"; };
		34BAED611BE78E7000E47894 /* Base */ = {isa = PBXFileReference; lastKnownFileType = file.storyboard; name = Base; path = Base.lproj/LaunchScreen.storyboard; sourceTree = "<group>"; };
		34BAED631BE78E7000E47894 /* Info.plist */ = {isa = PBXFileReference; lastKnownFileType = text.plist.xml; path = Info.plist; sourceTree = "<group>"; };
		34BAED681BE78E7000E47894 /* GitViewerTests.xctest */ = {isa = PBXFileReference; explicitFileType = wrapper.cfbundle; includeInIndex = 0; path = GitViewerTests.xctest; sourceTree = BUILT_PRODUCTS_DIR; };
		34BAED6C1BE78E7000E47894 /* GitViewerTests.m */ = {isa = PBXFileReference; lastKnownFileType = sourcecode.c.objc; path = GitViewerTests.m; sourceTree = "<group>"; };
		34BAED6E1BE78E7000E47894 /* Info.plist */ = {isa = PBXFileReference; lastKnownFileType = text.plist.xml; path = Info.plist; sourceTree = "<group>"; };
		BFBB6B01578FE1EDEE2842B3 /* libPods.a */ = {isa = PBXFileReference; explicitFileType = archive.ar; includeInIndex = 0; path = libPods.a; sourceTree = BUILT_PRODUCTS_DIR; };
/* End PBXFileReference section */

/* Begin PBXFrameworksBuildPhase section */
		34BAED4C1BE78E7000E47894 /* Frameworks */ = {
			isa = PBXFrameworksBuildPhase;
			buildActionMask = 2147483647;
			files = (
				B7987A51D91B8D8170E7A320 /* libPods.a in Frameworks */,
			);
			runOnlyForDeploymentPostprocessing = 0;
		};
		34BAED651BE78E7000E47894 /* Frameworks */ = {
			isa = PBXFrameworksBuildPhase;
			buildActionMask = 2147483647;
			files = (
			);
			runOnlyForDeploymentPostprocessing = 0;
		};
/* End PBXFrameworksBuildPhase section */

/* Begin PBXGroup section */
		05650752F93F9001A1D1473A /* Frameworks */ = {
			isa = PBXGroup;
			children = (
				BFBB6B01578FE1EDEE2842B3 /* libPods.a */,
			);
			name = Frameworks;
			sourceTree = "<group>";
		};
		345741AF1BE7F44800EC9BA5 /* Repositories */ = {
			isa = PBXGroup;
			children = (
				345741C51BE8E9E300EC9BA5 /* Cells */,
				345741B01BE7F48300EC9BA5 /* UserRepositoriesVC.h */,
				345741B11BE7F48300EC9BA5 /* UserRepositoriesVC.m */,
			);
			name = Repositories;
			sourceTree = "<group>";
		};
		345741B61BE801AB00EC9BA5 /* Helpers */ = {
			isa = PBXGroup;
			children = (
				345741AC1BE7EFD600EC9BA5 /* GVHelper.h */,
				345741AD1BE7EFD600EC9BA5 /* GVHelper.m */,
				345741B31BE7F98D00EC9BA5 /* GVNetworkHelper.h */,
				345741B41BE7F98D00EC9BA5 /* GVNetworkHelper.m */,
			);
			name = Helpers;
			sourceTree = "<group>";
		};
		345741B71BE801B600EC9BA5 /* Categories */ = {
			isa = PBXGroup;
			children = (
				345741B81BE8024D00EC9BA5 /* NSURL+CodeFetch.h */,
				345741B91BE8024D00EC9BA5 /* NSURL+CodeFetch.m */,
				345741BB1BE802AA00EC9BA5 /* NSObject+AccessToken.h */,
				345741BC1BE802AA00EC9BA5 /* NSObject+AccessToken.m */,
			);
			name = Categories;
			sourceTree = "<group>";
		};
		345741C11BE8C7A800EC9BA5 /* Models */ = {
			isa = PBXGroup;
			children = (
				345741BE1BE8C7A000EC9BA5 /* Repository.h */,
				345741BF1BE8C7A000EC9BA5 /* Repository.m */,
				345741C21BE8DD5F00EC9BA5 /* Subscriber.h */,
				345741C31BE8DD5F00EC9BA5 /* Subscriber.m */,
			);
			name = Models;
			sourceTree = "<group>";
		};
		345741C51BE8E9E300EC9BA5 /* Cells */ = {
			isa = PBXGroup;
			children = (
				345741C61BE8EA2B00EC9BA5 /* RepositoryCell.h */,
				345741C71BE8EA2B00EC9BA5 /* RepositoryCell.m */,
			);
			name = Cells;
			sourceTree = "<group>";
		};
		34BAED461BE78E7000E47894 = {
			isa = PBXGroup;
			children = (
				34BAED511BE78E7000E47894 /* GitViewer */,
				34BAED6B1BE78E7000E47894 /* GitViewerTests */,
				34BAED501BE78E7000E47894 /* Products */,
				C120F6200E29DBC58230C1EC /* Pods */,
				05650752F93F9001A1D1473A /* Frameworks */,
			);
			sourceTree = "<group>";
		};
		34BAED501BE78E7000E47894 /* Products */ = {
			isa = PBXGroup;
			children = (
				34BAED4F1BE78E7000E47894 /* GitViewer.app */,
				34BAED681BE78E7000E47894 /* GitViewerTests.xctest */,
			);
			name = Products;
			sourceTree = "<group>";
		};
		34BAED511BE78E7000E47894 /* GitViewer */ = {
			isa = PBXGroup;
			children = (
				345741C11BE8C7A800EC9BA5 /* Models */,
				345741B71BE801B600EC9BA5 /* Categories */,
				345741B61BE801AB00EC9BA5 /* Helpers */,
				345741AF1BE7F44800EC9BA5 /* Repositories */,
				34BAED551BE78E7000E47894 /* AppDelegate.h */,
				34BAED561BE78E7000E47894 /* AppDelegate.m */,
				34BAED5B1BE78E7000E47894 /* Main.storyboard */,
				34BAED5E1BE78E7000E47894 /* Assets.xcassets */,
				34BAED601BE78E7000E47894 /* LaunchScreen.storyboard */,
				34BAED631BE78E7000E47894 /* Info.plist */,
				34BAED521BE78E7000E47894 /* Supporting Files */,
			);
			path = GitViewer;
			sourceTree = "<group>";
		};
		34BAED521BE78E7000E47894 /* Supporting Files */ = {
			isa = PBXGroup;
			children = (
				34BAED531BE78E7000E47894 /* main.m */,
			);
			name = "Supporting Files";
			sourceTree = "<group>";
		};
		34BAED6B1BE78E7000E47894 /* GitViewerTests */ = {
			isa = PBXGroup;
			children = (
				34BAED6C1BE78E7000E47894 /* GitViewerTests.m */,
				34BAED6E1BE78E7000E47894 /* Info.plist */,
			);
			path = GitViewerTests;
			sourceTree = "<group>";
		};
		C120F6200E29DBC58230C1EC /* Pods */ = {
			isa = PBXGroup;
			children = (
				2DD4BE7DC85EA4C4B2B09DAC /* Pods.debug.xcconfig */,
				289301C9793B4C2669754D70 /* Pods.release.xcconfig */,
			);
			name = Pods;
			sourceTree = "<group>";
		};
/* End PBXGroup section */

/* Begin PBXNativeTarget section */
		34BAED4E1BE78E7000E47894 /* GitViewer */ = {
			isa = PBXNativeTarget;
			buildConfigurationList = 34BAED711BE78E7000E47894 /* Build configuration list for PBXNativeTarget "GitViewer" */;
			buildPhases = (
				91F541FDE84B9BF1DDEA2AE4 /* Check Pods Manifest.lock */,
				34BAED4B1BE78E7000E47894 /* Sources */,
				34BAED4C1BE78E7000E47894 /* Frameworks */,
				34BAED4D1BE78E7000E47894 /* Resources */,
				71F9ED686E3BF3F1C63DC702 /* Embed Pods Frameworks */,
				8880478DA24B294D151759D5 /* Copy Pods Resources */,
			);
			buildRules = (
			);
			dependencies = (
			);
			name = GitViewer;
			productName = GitViewer;
			productReference = 34BAED4F1BE78E7000E47894 /* GitViewer.app */;
			productType = "com.apple.product-type.application";
		};
		34BAED671BE78E7000E47894 /* GitViewerTests */ = {
			isa = PBXNativeTarget;
			buildConfigurationList = 34BAED741BE78E7000E47894 /* Build configuration list for PBXNativeTarget "GitViewerTests" */;
			buildPhases = (
				34BAED641BE78E7000E47894 /* Sources */,
				34BAED651BE78E7000E47894 /* Frameworks */,
				34BAED661BE78E7000E47894 /* Resources */,
			);
			buildRules = (
			);
			dependencies = (
				34BAED6A1BE78E7000E47894 /* PBXTargetDependency */,
			);
			name = GitViewerTests;
			productName = GitViewerTests;
			productReference = 34BAED681BE78E7000E47894 /* GitViewerTests.xctest */;
			productType = "com.apple.product-type.bundle.unit-test";
		};
/* End PBXNativeTarget section */

/* Begin PBXProject section */
		34BAED471BE78E7000E47894 /* Project object */ = {
			isa = PBXProject;
			attributes = {
				LastUpgradeCheck = 0700;
				ORGANIZATIONNAME = "Max Tymchiy";
				TargetAttributes = {
					34BAED4E1BE78E7000E47894 = {
						CreatedOnToolsVersion = 7.0.1;
					};
					34BAED671BE78E7000E47894 = {
						CreatedOnToolsVersion = 7.0.1;
						TestTargetID = 34BAED4E1BE78E7000E47894;
					};
				};
			};
			buildConfigurationList = 34BAED4A1BE78E7000E47894 /* Build configuration list for PBXProject "GitViewer" */;
			compatibilityVersion = "Xcode 3.2";
			developmentRegion = English;
			hasScannedForEncodings = 0;
			knownRegions = (
				en,
				Base,
			);
			mainGroup = 34BAED461BE78E7000E47894;
			productRefGroup = 34BAED501BE78E7000E47894 /* Products */;
			projectDirPath = "";
			projectRoot = "";
			targets = (
				34BAED4E1BE78E7000E47894 /* GitViewer */,
				34BAED671BE78E7000E47894 /* GitViewerTests */,
			);
		};
/* End PBXProject section */

/* Begin PBXResourcesBuildPhase section */
		34BAED4D1BE78E7000E47894 /* Resources */ = {
			isa = PBXResourcesBuildPhase;
			buildActionMask = 2147483647;
			files = (
				34BAED621BE78E7000E47894 /* LaunchScreen.storyboard in Resources */,
				34BAED5F1BE78E7000E47894 /* Assets.xcassets in Resources */,
				34BAED5D1BE78E7000E47894 /* Main.storyboard in Resources */,
			);
			runOnlyForDeploymentPostprocessing = 0;
		};
		34BAED661BE78E7000E47894 /* Resources */ = {
			isa = PBXResourcesBuildPhase;
			buildActionMask = 2147483647;
			files = (
			);
			runOnlyForDeploymentPostprocessing = 0;
		};
/* End PBXResourcesBuildPhase section */

/* Begin PBXShellScriptBuildPhase section */
		71F9ED686E3BF3F1C63DC702 /* Embed Pods Frameworks */ = {
			isa = PBXShellScriptBuildPhase;
			buildActionMask = 2147483647;
			files = (
			);
			inputPaths = (
			);
			name = "Embed Pods Frameworks";
			outputPaths = (
			);
			runOnlyForDeploymentPostprocessing = 0;
			shellPath = /bin/sh;
			shellScript = "\"${SRCROOT}/Pods/Target Support Files/Pods/Pods-frameworks.sh\"\n";
			showEnvVarsInLog = 0;
		};
		8880478DA24B294D151759D5 /* Copy Pods Resources */ = {
			isa = PBXShellScriptBuildPhase;
			buildActionMask = 2147483647;
			files = (
			);
			inputPaths = (
			);
			name = "Copy Pods Resources";
			outputPaths = (
			);
			runOnlyForDeploymentPostprocessing = 0;
			shellPath = /bin/sh;
			shellScript = "\"${SRCROOT}/Pods/Target Support Files/Pods/Pods-resources.sh\"\n";
			showEnvVarsInLog = 0;
		};
		91F541FDE84B9BF1DDEA2AE4 /* Check Pods Manifest.lock */ = {
			isa = PBXShellScriptBuildPhase;
			buildActionMask = 2147483647;
			files = (
			);
			inputPaths = (
			);
			name = "Check Pods Manifest.lock";
			outputPaths = (
			);
			runOnlyForDeploymentPostprocessing = 0;
			shellPath = /bin/sh;
			shellScript = "diff \"${PODS_ROOT}/../Podfile.lock\" \"${PODS_ROOT}/Manifest.lock\" > /dev/null\nif [[ $? != 0 ]] ; then\n    cat << EOM\nerror: The sandbox is not in sync with the Podfile.lock. Run 'pod install' or update your CocoaPods installation.\nEOM\n    exit 1\nfi\n";
			showEnvVarsInLog = 0;
		};
/* End PBXShellScriptBuildPhase section */

/* Begin PBXSourcesBuildPhase section */
		34BAED4B1BE78E7000E47894 /* Sources */ = {
			isa = PBXSourcesBuildPhase;
			buildActionMask = 2147483647;
			files = (
				34BAED571BE78E7000E47894 /* AppDelegate.m in Sources */,
				345741AE1BE7EFD600EC9BA5 /* GVHelper.m in Sources */,
				345741BA1BE8024D00EC9BA5 /* NSURL+CodeFetch.m in Sources */,
				34BAED541BE78E7000E47894 /* main.m in Sources */,
				345741B21BE7F48300EC9BA5 /* UserRepositoriesVC.m in Sources */,
				345741B51BE7F98D00EC9BA5 /* GVNetworkHelper.m in Sources */,
				345741C41BE8DD5F00EC9BA5 /* Subscriber.m in Sources */,
				345741C81BE8EA2B00EC9BA5 /* RepositoryCell.m in Sources */,
				345741BD1BE802AA00EC9BA5 /* NSObject+AccessToken.m in Sources */,
				345741C01BE8C7A000EC9BA5 /* Repository.m in Sources */,
			);
			runOnlyForDeploymentPostprocessing = 0;
		};
		34BAED641BE78E7000E47894 /* Sources */ = {
			isa = PBXSourcesBuildPhase;
			buildActionMask = 2147483647;
			files = (
				34BAED6D1BE78E7000E47894 /* GitViewerTests.m in Sources */,
			);
			runOnlyForDeploymentPostprocessing = 0;
		};
/* End PBXSourcesBuildPhase section */

/* Begin PBXTargetDependency section */
		34BAED6A1BE78E7000E47894 /* PBXTargetDependency */ = {
			isa = PBXTargetDependency;
			target = 34BAED4E1BE78E7000E47894 /* GitViewer */;
			targetProxy = 34BAED691BE78E7000E47894 /* PBXContainerItemProxy */;
		};
/* End PBXTargetDependency section */

/* Begin PBXVariantGroup section */
		34BAED5B1BE78E7000E47894 /* Main.storyboard */ = {
			isa = PBXVariantGroup;
			children = (
				34BAED5C1BE78E7000E47894 /* Base */,
			);
			name = Main.storyboard;
			sourceTree = "<group>";
		};
		34BAED601BE78E7000E47894 /* LaunchScreen.storyboard */ = {
			isa = PBXVariantGroup;
			children = (
				34BAED611BE78E7000E47894 /* Base */,
			);
			name = LaunchScreen.storyboard;
			sourceTree = "<group>";
		};
/* End PBXVariantGroup section */

/* Begin XCBuildConfiguration section */
		34BAED6F1BE78E7000E47894 /* Debug */ = {
			isa = XCBuildConfiguration;
			buildSettings = {
				ALWAYS_SEARCH_USER_PATHS = NO;
				CLANG_CXX_LANGUAGE_STANDARD = "gnu++0x";
				CLANG_CXX_LIBRARY = "libc++";
				CLANG_ENABLE_MODULES = YES;
				CLANG_ENABLE_OBJC_ARC = YES;
				CLANG_WARN_BOOL_CONVERSION = YES;
				CLANG_WARN_CONSTANT_CONVERSION = YES;
				CLANG_WARN_DIRECT_OBJC_ISA_USAGE = YES_ERROR;
				CLANG_WARN_EMPTY_BODY = YES;
				CLANG_WARN_ENUM_CONVERSION = YES;
				CLANG_WARN_INT_CONVERSION = YES;
				CLANG_WARN_OBJC_ROOT_CLASS = YES_ERROR;
				CLANG_WARN_UNREACHABLE_CODE = YES;
				CLANG_WARN__DUPLICATE_METHOD_MATCH = YES;
				"CODE_SIGN_IDENTITY[sdk=iphoneos*]" = "iPhone Developer";
				COPY_PHASE_STRIP = NO;
				DEBUG_INFORMATION_FORMAT = dwarf;
				ENABLE_STRICT_OBJC_MSGSEND = YES;
				ENABLE_TESTABILITY = YES;
				GCC_C_LANGUAGE_STANDARD = gnu99;
				GCC_DYNAMIC_NO_PIC = NO;
				GCC_NO_COMMON_BLOCKS = YES;
				GCC_OPTIMIZATION_LEVEL = 0;
				GCC_PREPROCESSOR_DEFINITIONS = (
					"DEBUG=1",
					"$(inherited)",
				);
				GCC_WARN_64_TO_32_BIT_CONVERSION = YES;
				GCC_WARN_ABOUT_RETURN_TYPE = YES_ERROR;
				GCC_WARN_UNDECLARED_SELECTOR = YES;
				GCC_WARN_UNINITIALIZED_AUTOS = YES_AGGRESSIVE;
				GCC_WARN_UNUSED_FUNCTION = YES;
				GCC_WARN_UNUSED_VARIABLE = YES;
				IPHONEOS_DEPLOYMENT_TARGET = 9.0;
				MTL_ENABLE_DEBUG_INFO = YES;
				ONLY_ACTIVE_ARCH = YES;
				SDKROOT = iphoneos;
				TARGETED_DEVICE_FAMILY = "1,2";
			};
			name = Debug;
		};
		34BAED701BE78E7000E47894 /* Release */ = {
			isa = XCBuildConfiguration;
			buildSettings = {
				ALWAYS_SEARCH_USER_PATHS = NO;
				CLANG_CXX_LANGUAGE_STANDARD = "gnu++0x";
				CLANG_CXX_LIBRARY = "libc++";
				CLANG_ENABLE_MODULES = YES;
				CLANG_ENABLE_OBJC_ARC = YES;
				CLANG_WARN_BOOL_CONVERSION = YES;
				CLANG_WARN_CONSTANT_CONVERSION = YES;
				CLANG_WARN_DIRECT_OBJC_ISA_USAGE = YES_ERROR;
				CLANG_WARN_EMPTY_BODY = YES;
				CLANG_WARN_ENUM_CONVERSION = YES;
				CLANG_WARN_INT_CONVERSION = YES;
				CLANG_WARN_OBJC_ROOT_CLASS = YES_ERROR;
				CLANG_WARN_UNREACHABLE_CODE = YES;
				CLANG_WARN__DUPLICATE_METHOD_MATCH = YES;
				"CODE_SIGN_IDENTITY[sdk=iphoneos*]" = "iPhone Developer";
				COPY_PHASE_STRIP = NO;
				DEBUG_INFORMATION_FORMAT = "dwarf-with-dsym";
				ENABLE_NS_ASSERTIONS = NO;
				ENABLE_STRICT_OBJC_MSGSEND = YES;
				GCC_C_LANGUAGE_STANDARD = gnu99;
				GCC_NO_COMMON_BLOCKS = YES;
				GCC_WARN_64_TO_32_BIT_CONVERSION = YES;
				GCC_WARN_ABOUT_RETURN_TYPE = YES_ERROR;
				GCC_WARN_UNDECLARED_SELECTOR = YES;
				GCC_WARN_UNINITIALIZED_AUTOS = YES_AGGRESSIVE;
				GCC_WARN_UNUSED_FUNCTION = YES;
				GCC_WARN_UNUSED_VARIABLE = YES;
				IPHONEOS_DEPLOYMENT_TARGET = 9.0;
				MTL_ENABLE_DEBUG_INFO = NO;
				SDKROOT = iphoneos;
				TARGETED_DEVICE_FAMILY = "1,2";
				VALIDATE_PRODUCT = YES;
			};
			name = Release;
		};
		34BAED721BE78E7000E47894 /* Debug */ = {
			isa = XCBuildConfiguration;
			baseConfigurationReference = 2DD4BE7DC85EA4C4B2B09DAC /* Pods.debug.xcconfig */;
			buildSettings = {
				ASSETCATALOG_COMPILER_APPICON_NAME = AppIcon;
				INFOPLIST_FILE = GitViewer/Info.plist;
				LD_RUNPATH_SEARCH_PATHS = "$(inherited) @executable_path/Frameworks";
				PRODUCT_BUNDLE_IDENTIFIER = com.max.GitViewer;
				PRODUCT_NAME = "$(TARGET_NAME)";
			};
			name = Debug;
		};
		34BAED731BE78E7000E47894 /* Release */ = {
			isa = XCBuildConfiguration;
			baseConfigurationReference = 289301C9793B4C2669754D70 /* Pods.release.xcconfig */;
			buildSettings = {
				ASSETCATALOG_COMPILER_APPICON_NAME = AppIcon;
				INFOPLIST_FILE = GitViewer/Info.plist;
				LD_RUNPATH_SEARCH_PATHS = "$(inherited) @executable_path/Frameworks";
				PRODUCT_BUNDLE_IDENTIFIER = com.max.GitViewer;
				PRODUCT_NAME = "$(TARGET_NAME)";
			};
			name = Release;
		};
		34BAED751BE78E7000E47894 /* Debug */ = {
			isa = XCBuildConfiguration;
			buildSettings = {
				BUNDLE_LOADER = "$(TEST_HOST)";
				INFOPLIST_FILE = GitViewerTests/Info.plist;
				LD_RUNPATH_SEARCH_PATHS = "$(inherited) @executable_path/Frameworks @loader_path/Frameworks";
				PRODUCT_BUNDLE_IDENTIFIER = com.max.GitViewerTests;
				PRODUCT_NAME = "$(TARGET_NAME)";
				TEST_HOST = "$(BUILT_PRODUCTS_DIR)/GitViewer.app/GitViewer";
			};
			name = Debug;
		};
		34BAED761BE78E7000E47894 /* Release */ = {
			isa = XCBuildConfiguration;
			buildSettings = {
				BUNDLE_LOADER = "$(TEST_HOST)";
				INFOPLIST_FILE = GitViewerTests/Info.plist;
				LD_RUNPATH_SEARCH_PATHS = "$(inherited) @executable_path/Frameworks @loader_path/Frameworks";
				PRODUCT_BUNDLE_IDENTIFIER = com.max.GitViewerTests;
				PRODUCT_NAME = "$(TARGET_NAME)";
				TEST_HOST = "$(BUILT_PRODUCTS_DIR)/GitViewer.app/GitViewer";
			};
			name = Release;
		};
/* End XCBuildConfiguration section */

/* Begin XCConfigurationList section */
		34BAED4A1BE78E7000E47894 /* Build configuration list for PBXProject "GitViewer" */ = {
			isa = XCConfigurationList;
			buildConfigurations = (
				34BAED6F1BE78E7000E47894 /* Debug */,
				34BAED701BE78E7000E47894 /* Release */,
			);
			defaultConfigurationIsVisible = 0;
			defaultConfigurationName = Release;
		};
		34BAED711BE78E7000E47894 /* Build configuration list for PBXNativeTarget "GitViewer" */ = {
			isa = XCConfigurationList;
			buildConfigurations = (
				34BAED721BE78E7000E47894 /* Debug */,
				34BAED731BE78E7000E47894 /* Release */,
			);
			defaultConfigurationIsVisible = 0;
			defaultConfigurationName = Release;
		};
		34BAED741BE78E7000E47894 /* Build configuration list for PBXNativeTarget "GitViewerTests" */ = {
			isa = XCConfigurationList;
			buildConfigurations = (
				34BAED751BE78E7000E47894 /* Debug */,
				34BAED761BE78E7000E47894 /* Release */,
			);
			defaultConfigurationIsVisible = 0;
			defaultConfigurationName = Release;
		};
/* End XCConfigurationList section */
	};
	rootObject = 34BAED471BE78E7000E47894 /* Project object */;
}
